
Microsoft Visual Studio Solution File, Format Version 12.00
# Visual Studio 15
VisualStudioVersion = 15.0.28307.1145
MinimumVisualStudioVersion = 10.0.40219.1
Project("{FAE04EC0-301F-11D3-BF4B-00C04F79EFBC}") = "NostalgicPlay", "NostalgicPlay\NostalgicPlay.csproj", "{3F03CBFE-C85D-4B04-8FDD-E223CBB9BC12}"
EndProject
Global
	GlobalSection(SolutionConfigurationPlatforms) = preSolution
		Debug|Any CPU = Debug|Any CPU
		Release|Any CPU = Release|Any CPU
	EndGlobalSection
	GlobalSection(ProjectConfigurationPlatforms) = postSolution
		{3F03CBFE-C85D-4B04-8FDD-E223CBB9BC12}.Debug|Any CPU.ActiveCfg = Debug|Any CPU
		{3F03CBFE-C85D-4B04-8FDD-E223CBB9BC12}.Debug|Any CPU.Build.0 = Debug|Any CPU
		{3F03CBFE-C85D-4B04-8FDD-E223CBB9BC12}.Release|Any CPU.ActiveCfg = Release|Any CPU
		{3F03CBFE-C85D-4B04-8FDD-E223CBB9BC12}.Release|Any CPU.Build.0 = Release|Any CPU
	EndGlobalSection
	GlobalSection(SolutionProperties) = preSolution
		HideSolutionNode = FALSE
	EndGlobalSection
	GlobalSection(ExtensibilityGlobals) = postSolution
		SolutionGuid = {E771ED94-4829-47EA-A999-4E1BDAF54631}
	EndGlobalSection
EndGlobal
